
Microsoft Visual Studio Solution File, Format Version 12.00
# Visual Studio Version 17
VisualStudioVersion = 17.14.36518.9
MinimumVisualStudioVersion = 10.0.40219.1
Project("{2150E333-8FDC-42A3-9474-1A3956D46DE8}") = "Task 0", "Task 0", "{02EA681E-C7D8-13C7-8484-4AC65E1B71E8}"
EndProject
Project("{FAE04EC0-301F-11D3-BF4B-00C04F79EFBC}") = "Tyuiu.HaevGS.Sprint3.Task0.V29", "Tyuiu.HaevGS.Sprint3.Task0.V29\Tyuiu.HaevGS.Sprint3.Task0.V29.csproj", "{9FD33C86-E748-40FD-91BF-B6A96781BD84}"
EndProject
Project("{FAE04EC0-301F-11D3-BF4B-00C04F79EFBC}") = "Tyuiu.HaevGS.Sprint3.Task0.V29.Lib", "Tyuiu.HaevGS.Sprint3.Task0.V29.Lib\Tyuiu.HaevGS.Sprint3.Task0.V29.Lib.csproj", "{615D3112-E03D-4F57-8183-005FF8BAD792}"
EndProject
Project("{FAE04EC0-301F-11D3-BF4B-00C04F79EFBC}") = "Tyuiu.HaevGS.Sprint3.Task0.V29.Test", "Tyuiu.HaevGS.Sprint3.Task0.V29.Test\Tyuiu.HaevGS.Sprint3.Task0.V29.Test.csproj", "{BDC7518E-D96D-4D7C-AD92-6B5622F5A86A}"
EndProject
Project("{2150E333-8FDC-42A3-9474-1A3956D46DE8}") = "Task 1", "Task 1", "{6942D520-6422-45CA-9C49-10D1B9E96BC7}"
EndProject
Project("{FAE04EC0-301F-11D3-BF4B-00C04F79EFBC}") = "Tyuiu.HaevGS.Sprint3.Task1.V16", "Tyuiu.HaevGS.Sprint3.Task1.V16\Tyuiu.HaevGS.Sprint3.Task1.V16.csproj", "{C3E2ED02-917D-4F45-AF28-02E33D352F80}"
EndProject
Project("{FAE04EC0-301F-11D3-BF4B-00C04F79EFBC}") = "Tyuiu.HaevGS.Sprint3.Task1.V16.Lib", "Tyuiu.HaevGS.Sprint3.Task1.V16.Lib\Tyuiu.HaevGS.Sprint3.Task1.V16.Lib.csproj", "{3743F91F-8BB6-4ECD-9DD7-03860D471832}"
EndProject
Project("{FAE04EC0-301F-11D3-BF4B-00C04F79EFBC}") = "Tyuiu.HaevGS.Sprint3.Task1.V16.Test", "Tyuiu.HaevGS.Sprint3.Task1.V16.Test\Tyuiu.HaevGS.Sprint3.Task1.V16.Test.csproj", "{21D4300A-A302-497C-BF86-BAA45AA33CDF}"
EndProject
Project("{2150E333-8FDC-42A3-9474-1A3956D46DE8}") = "Task 2", "Task 2", "{956D5F09-FC14-4047-8B44-3484C1257D5A}"
EndProject
Project("{FAE04EC0-301F-11D3-BF4B-00C04F79EFBC}") = "Tyuiu.HaevGS.Sprint3.Task2.V18", "Tyuiu.HaevGS.Sprint3.Task2.V18\Tyuiu.HaevGS.Sprint3.Task2.V18.csproj", "{E95F0763-C568-4469-844E-CBBF88501A94}"
EndProject
Project("{FAE04EC0-301F-11D3-BF4B-00C04F79EFBC}") = "Tyuiu.HaevGS.Sprint3.Task2.V18.Lib", "Tyuiu.HaevGS.Sprint3.Task2.V18.Lib\Tyuiu.HaevGS.Sprint3.Task2.V18.Lib.csproj", "{0E3CE8FC-CCB3-4030-A49C-AE5B6DA26845}"
EndProject
Project("{FAE04EC0-301F-11D3-BF4B-00C04F79EFBC}") = "Tyuiu.HaevGS.Sprint3.Task2.V18.Test", "Tyuiu.HaevGS.Sprint3.Task2.V18.Test\Tyuiu.HaevGS.Sprint3.Task2.V18.Test.csproj", "{7C3D1C2C-D84E-4DEE-9037-03C5B1CDE9D5}"
EndProject
Project("{2150E333-8FDC-42A3-9474-1A3956D46DE8}") = "Task 3", "Task 3", "{AF36C37E-9A1F-4AEF-B378-ECAF83EE2934}"
EndProject
Project("{FAE04EC0-301F-11D3-BF4B-00C04F79EFBC}") = "Tyuiu.HaevGS.Sprint3.Task3.V21", "Tyuiu.HaevGS.Sprint3.Task3.V21\Tyuiu.HaevGS.Sprint3.Task3.V21.csproj", "{DF125C01-46A4-4FB8-B8F5-49D645DF8656}"
EndProject
Project("{FAE04EC0-301F-11D3-BF4B-00C04F79EFBC}") = "Tyuiu.HaevGS.Sprint3.Task3.V21.Lib", "Tyuiu.HaevGS.Sprint3.Task3.V21.Lib\Tyuiu.HaevGS.Sprint3.Task3.V21.Lib.csproj", "{AF25BB75-BB29-4994-8805-138D49C7891C}"
EndProject
Project("{FAE04EC0-301F-11D3-BF4B-00C04F79EFBC}") = "Tyuiu.HaevGS.Sprint3.Task3.V21.Test", "Tyuiu.HaevGS.Sprint3.Task3.V21.Test\Tyuiu.HaevGS.Sprint3.Task3.V21.Test.csproj", "{4A3B7F67-7370-4FAC-8253-9DF56FD7B7AD}"
EndProject
Project("{2150E333-8FDC-42A3-9474-1A3956D46DE8}") = "Task 4", "Task 4", "{7B93A918-D5EF-4448-BBA1-9C1FB987E34C}"
EndProject
Project("{FAE04EC0-301F-11D3-BF4B-00C04F79EFBC}") = "Tyuiu.HaevGS.Sprint3.Task4.V13", "Tyuiu.HaevGS.Sprint3.Task4.V13\Tyuiu.HaevGS.Sprint3.Task4.V13.csproj", "{D20FB492-E921-4AB5-A5A3-C5242DCB8AFA}"
EndProject
Project("{FAE04EC0-301F-11D3-BF4B-00C04F79EFBC}") = "Tyuiu.HaevGS.Sprint3.Task4.V13.Lib", "Tyuiu.HaevGS.Sprint3.Task4.V13.Lib\Tyuiu.HaevGS.Sprint3.Task4.V13.Lib.csproj", "{083C7C85-4D08-49E3-B313-052CFE8FDBF1}"
EndProject
Project("{FAE04EC0-301F-11D3-BF4B-00C04F79EFBC}") = "Tyuiu.HaevGS.Sprint3.Task4.V13.Test", "Tyuiu.HaevGS.Sprint3.Task4.V13.Test\Tyuiu.HaevGS.Sprint3.Task4.V13.Test.csproj", "{5BAB1DCE-B8A4-4643-BA4F-0C873F9FF45E}"
EndProject
Project("{2150E333-8FDC-42A3-9474-1A3956D46DE8}") = "Task 5", "Task 5", "{1F4CE0B1-30B9-4F99-88B1-D9E2C67C88DC}"
EndProject
Project("{FAE04EC0-301F-11D3-BF4B-00C04F79EFBC}") = "Tyuiu.HaevGS.Sprint3.Task5.V28", "Tyuiu.HaevGS.Sprint3.Task5.V28\Tyuiu.HaevGS.Sprint3.Task5.V28.csproj", "{450F23E8-769D-4AF2-96E5-07A1023823AD}"
EndProject
Project("{FAE04EC0-301F-11D3-BF4B-00C04F79EFBC}") = "Tyuiu.HaevGS.Sprint3.Task5.V28.Lib", "Tyuiu.HaevGS.Sprint3.Task5.V28.Lib\Tyuiu.HaevGS.Sprint3.Task5.V28.Lib.csproj", "{E849FD98-3CFC-475A-B832-336304479387}"
EndProject
Project("{FAE04EC0-301F-11D3-BF4B-00C04F79EFBC}") = "Tyuiu.HaevGS.Sprint3.Task5.V28.Test", "Tyuiu.HaevGS.Sprint3.Task5.V28.Test\Tyuiu.HaevGS.Sprint3.Task5.V28.Test.csproj", "{A8D357D6-8107-46D3-A998-6A1282E82F92}"
EndProject
Project("{2150E333-8FDC-42A3-9474-1A3956D46DE8}") = "Task 6", "Task 6", "{C396B712-D66A-4CC7-837A-AA2BEDE37B9C}"
EndProject
Project("{FAE04EC0-301F-11D3-BF4B-00C04F79EFBC}") = "Tyuiu.HaevGS.Sprint3.Task6.V14", "Tyuiu.HaevGS.Sprint3.Task6.V14\Tyuiu.HaevGS.Sprint3.Task6.V14.csproj", "{2ED33091-E93E-4D68-A92C-1FDFB9B7D9DB}"
EndProject
Project("{FAE04EC0-301F-11D3-BF4B-00C04F79EFBC}") = "Tyuiu.HaevGS.Sprint3.Task6.V14.Lib", "Tyuiu.HaevGS.Sprint3.Task6.V14.Lib\Tyuiu.HaevGS.Sprint3.Task6.V14.Lib.csproj", "{35DBEBDB-B53F-49A7-92B2-C4E917A72898}"
EndProject
Project("{FAE04EC0-301F-11D3-BF4B-00C04F79EFBC}") = "Tyuiu.HaevGS.Sprint3.Task6.V14.Test", "Tyuiu.HaevGS.Sprint3.Task6.V14.Test\Tyuiu.HaevGS.Sprint3.Task6.V14.Test.csproj", "{E18FFEFA-8454-415F-BE00-1888BDA58BAE}"
EndProject
Global
	GlobalSection(SolutionConfigurationPlatforms) = preSolution
		Debug|Any CPU = Debug|Any CPU
		Release|Any CPU = Release|Any CPU
	EndGlobalSection
	GlobalSection(ProjectConfigurationPlatforms) = postSolution
		{9FD33C86-E748-40FD-91BF-B6A96781BD84}.Debug|Any CPU.ActiveCfg = Debug|Any CPU
		{9FD33C86-E748-40FD-91BF-B6A96781BD84}.Debug|Any CPU.Build.0 = Debug|Any CPU
		{9FD33C86-E748-40FD-91BF-B6A96781BD84}.Release|Any CPU.ActiveCfg = Release|Any CPU
		{9FD33C86-E748-40FD-91BF-B6A96781BD84}.Release|Any CPU.Build.0 = Release|Any CPU
		{615D3112-E03D-4F57-8183-005FF8BAD792}.Debug|Any CPU.ActiveCfg = Debug|Any CPU
		{615D3112-E03D-4F57-8183-005FF8BAD792}.Debug|Any CPU.Build.0 = Debug|Any CPU
		{615D3112-E03D-4F57-8183-005FF8BAD792}.Release|Any CPU.ActiveCfg = Release|Any CPU
		{615D3112-E03D-4F57-8183-005FF8BAD792}.Release|Any CPU.Build.0 = Release|Any CPU
		{BDC7518E-D96D-4D7C-AD92-6B5622F5A86A}.Debug|Any CPU.ActiveCfg = Debug|Any CPU
		{BDC7518E-D96D-4D7C-AD92-6B5622F5A86A}.Debug|Any CPU.Build.0 = Debug|Any CPU
		{BDC7518E-D96D-4D7C-AD92-6B5622F5A86A}.Release|Any CPU.ActiveCfg = Release|Any CPU
		{BDC7518E-D96D-4D7C-AD92-6B5622F5A86A}.Release|Any CPU.Build.0 = Release|Any CPU
		{C3E2ED02-917D-4F45-AF28-02E33D352F80}.Debug|Any CPU.ActiveCfg = Debug|Any CPU
		{C3E2ED02-917D-4F45-AF28-02E33D352F80}.Debug|Any CPU.Build.0 = Debug|Any CPU
		{C3E2ED02-917D-4F45-AF28-02E33D352F80}.Release|Any CPU.ActiveCfg = Release|Any CPU
		{C3E2ED02-917D-4F45-AF28-02E33D352F80}.Release|Any CPU.Build.0 = Release|Any CPU
		{3743F91F-8BB6-4ECD-9DD7-03860D471832}.Debug|Any CPU.ActiveCfg = Debug|Any CPU
		{3743F91F-8BB6-4ECD-9DD7-03860D471832}.Debug|Any CPU.Build.0 = Debug|Any CPU
		{3743F91F-8BB6-4ECD-9DD7-03860D471832}.Release|Any CPU.ActiveCfg = Release|Any CPU
		{3743F91F-8BB6-4ECD-9DD7-03860D471832}.Release|Any CPU.Build.0 = Release|Any CPU
		{21D4300A-A302-497C-BF86-BAA45AA33CDF}.Debug|Any CPU.ActiveCfg = Debug|Any CPU
		{21D4300A-A302-497C-BF86-BAA45AA33CDF}.Debug|Any CPU.Build.0 = Debug|Any CPU
		{21D4300A-A302-497C-BF86-BAA45AA33CDF}.Release|Any CPU.ActiveCfg = Release|Any CPU
		{21D4300A-A302-497C-BF86-BAA45AA33CDF}.Release|Any CPU.Build.0 = Release|Any CPU
		{E95F0763-C568-4469-844E-CBBF88501A94}.Debug|Any CPU.ActiveCfg = Debug|Any CPU
		{E95F0763-C568-4469-844E-CBBF88501A94}.Debug|Any CPU.Build.0 = Debug|Any CPU
		{E95F0763-C568-4469-844E-CBBF88501A94}.Release|Any CPU.ActiveCfg = Release|Any CPU
		{E95F0763-C568-4469-844E-CBBF88501A94}.Release|Any CPU.Build.0 = Release|Any CPU
		{0E3CE8FC-CCB3-4030-A49C-AE5B6DA26845}.Debug|Any CPU.ActiveCfg = Debug|Any CPU
		{0E3CE8FC-CCB3-4030-A49C-AE5B6DA26845}.Debug|Any CPU.Build.0 = Debug|Any CPU
		{0E3CE8FC-CCB3-4030-A49C-AE5B6DA26845}.Release|Any CPU.ActiveCfg = Release|Any CPU
		{0E3CE8FC-CCB3-4030-A49C-AE5B6DA26845}.Release|Any CPU.Build.0 = Release|Any CPU
		{7C3D1C2C-D84E-4DEE-9037-03C5B1CDE9D5}.Debug|Any CPU.ActiveCfg = Debug|Any CPU
		{7C3D1C2C-D84E-4DEE-9037-03C5B1CDE9D5}.Debug|Any CPU.Build.0 = Debug|Any CPU
		{7C3D1C2C-D84E-4DEE-9037-03C5B1CDE9D5}.Release|Any CPU.ActiveCfg = Release|Any CPU
		{7C3D1C2C-D84E-4DEE-9037-03C5B1CDE9D5}.Release|Any CPU.Build.0 = Release|Any CPU
		{DF125C01-46A4-4FB8-B8F5-49D645DF8656}.Debug|Any CPU.ActiveCfg = Debug|Any CPU
		{DF125C01-46A4-4FB8-B8F5-49D645DF8656}.Debug|Any CPU.Build.0 = Debug|Any CPU
		{DF125C01-46A4-4FB8-B8F5-49D645DF8656}.Release|Any CPU.ActiveCfg = Release|Any CPU
		{DF125C01-46A4-4FB8-B8F5-49D645DF8656}.Release|Any CPU.Build.0 = Release|Any CPU
		{AF25BB75-BB29-4994-8805-138D49C7891C}.Debug|Any CPU.ActiveCfg = Debug|Any CPU
		{AF25BB75-BB29-4994-8805-138D49C7891C}.Debug|Any CPU.Build.0 = Debug|Any CPU
		{AF25BB75-BB29-4994-8805-138D49C7891C}.Release|Any CPU.ActiveCfg = Release|Any CPU
		{AF25BB75-BB29-4994-8805-138D49C7891C}.Release|Any CPU.Build.0 = Release|Any CPU
		{4A3B7F67-7370-4FAC-8253-9DF56FD7B7AD}.Debug|Any CPU.ActiveCfg = Debug|Any CPU
		{4A3B7F67-7370-4FAC-8253-9DF56FD7B7AD}.Debug|Any CPU.Build.0 = Debug|Any CPU
		{4A3B7F67-7370-4FAC-8253-9DF56FD7B7AD}.Release|Any CPU.ActiveCfg = Release|Any CPU
		{4A3B7F67-7370-4FAC-8253-9DF56FD7B7AD}.Release|Any CPU.Build.0 = Release|Any CPU
		{D20FB492-E921-4AB5-A5A3-C5242DCB8AFA}.Debug|Any CPU.ActiveCfg = Debug|Any CPU
		{D20FB492-E921-4AB5-A5A3-C5242DCB8AFA}.Debug|Any CPU.Build.0 = Debug|Any CPU
		{D20FB492-E921-4AB5-A5A3-C5242DCB8AFA}.Release|Any CPU.ActiveCfg = Release|Any CPU
		{D20FB492-E921-4AB5-A5A3-C5242DCB8AFA}.Release|Any CPU.Build.0 = Release|Any CPU
		{083C7C85-4D08-49E3-B313-052CFE8FDBF1}.Debug|Any CPU.ActiveCfg = Debug|Any CPU
		{083C7C85-4D08-49E3-B313-052CFE8FDBF1}.Debug|Any CPU.Build.0 = Debug|Any CPU
		{083C7C85-4D08-49E3-B313-052CFE8FDBF1}.Release|Any CPU.ActiveCfg = Release|Any CPU
		{083C7C85-4D08-49E3-B313-052CFE8FDBF1}.Release|Any CPU.Build.0 = Release|Any CPU
		{5BAB1DCE-B8A4-4643-BA4F-0C873F9FF45E}.Debug|Any CPU.ActiveCfg = Debug|Any CPU
		{5BAB1DCE-B8A4-4643-BA4F-0C873F9FF45E}.Debug|Any CPU.Build.0 = Debug|Any CPU
		{5BAB1DCE-B8A4-4643-BA4F-0C873F9FF45E}.Release|Any CPU.ActiveCfg = Release|Any CPU
		{5BAB1DCE-B8A4-4643-BA4F-0C873F9FF45E}.Release|Any CPU.Build.0 = Release|Any CPU
		{450F23E8-769D-4AF2-96E5-07A1023823AD}.Debug|Any CPU.ActiveCfg = Debug|Any CPU
		{450F23E8-769D-4AF2-96E5-07A1023823AD}.Debug|Any CPU.Build.0 = Debug|Any CPU
		{450F23E8-769D-4AF2-96E5-07A1023823AD}.Release|Any CPU.ActiveCfg = Release|Any CPU
		{450F23E8-769D-4AF2-96E5-07A1023823AD}.Release|Any CPU.Build.0 = Release|Any CPU
		{E849FD98-3CFC-475A-B832-336304479387}.Debug|Any CPU.ActiveCfg = Debug|Any CPU
		{E849FD98-3CFC-475A-B832-336304479387}.Debug|Any CPU.Build.0 = Debug|Any CPU
		{E849FD98-3CFC-475A-B832-336304479387}.Release|Any CPU.ActiveCfg = Release|Any CPU
		{E849FD98-3CFC-475A-B832-336304479387}.Release|Any CPU.Build.0 = Release|Any CPU
		{A8D357D6-8107-46D3-A998-6A1282E82F92}.Debug|Any CPU.ActiveCfg = Debug|Any CPU
		{A8D357D6-8107-46D3-A998-6A1282E82F92}.Debug|Any CPU.Build.0 = Debug|Any CPU
		{A8D357D6-8107-46D3-A998-6A1282E82F92}.Release|Any CPU.ActiveCfg = Release|Any CPU
		{A8D357D6-8107-46D3-A998-6A1282E82F92}.Release|Any CPU.Build.0 = Release|Any CPU
		{2ED33091-E93E-4D68-A92C-1FDFB9B7D9DB}.Debug|Any CPU.ActiveCfg = Debug|Any CPU
		{2ED33091-E93E-4D68-A92C-1FDFB9B7D9DB}.Debug|Any CPU.Build.0 = Debug|Any CPU
		{2ED33091-E93E-4D68-A92C-1FDFB9B7D9DB}.Release|Any CPU.ActiveCfg = Release|Any CPU
		{2ED33091-E93E-4D68-A92C-1FDFB9B7D9DB}.Release|Any CPU.Build.0 = Release|Any CPU
		{35DBEBDB-B53F-49A7-92B2-C4E917A72898}.Debug|Any CPU.ActiveCfg = Debug|Any CPU
		{35DBEBDB-B53F-49A7-92B2-C4E917A72898}.Debug|Any CPU.Build.0 = Debug|Any CPU
		{35DBEBDB-B53F-49A7-92B2-C4E917A72898}.Release|Any CPU.ActiveCfg = Release|Any CPU
		{35DBEBDB-B53F-49A7-92B2-C4E917A72898}.Release|Any CPU.Build.0 = Release|Any CPU
		{E18FFEFA-8454-415F-BE00-1888BDA58BAE}.Debug|Any CPU.ActiveCfg = Debug|Any CPU
		{E18FFEFA-8454-415F-BE00-1888BDA58BAE}.Debug|Any CPU.Build.0 = Debug|Any CPU
		{E18FFEFA-8454-415F-BE00-1888BDA58BAE}.Release|Any CPU.ActiveCfg = Release|Any CPU
		{E18FFEFA-8454-415F-BE00-1888BDA58BAE}.Release|Any CPU.Build.0 = Release|Any CPU
	EndGlobalSection
	GlobalSection(SolutionProperties) = preSolution
		HideSolutionNode = FALSE
	EndGlobalSection
	GlobalSection(NestedProjects) = preSolution
		{9FD33C86-E748-40FD-91BF-B6A96781BD84} = {02EA681E-C7D8-13C7-8484-4AC65E1B71E8}
		{615D3112-E03D-4F57-8183-005FF8BAD792} = {02EA681E-C7D8-13C7-8484-4AC65E1B71E8}
		{BDC7518E-D96D-4D7C-AD92-6B5622F5A86A} = {02EA681E-C7D8-13C7-8484-4AC65E1B71E8}
		{C3E2ED02-917D-4F45-AF28-02E33D352F80} = {6942D520-6422-45CA-9C49-10D1B9E96BC7}
		{3743F91F-8BB6-4ECD-9DD7-03860D471832} = {6942D520-6422-45CA-9C49-10D1B9E96BC7}
		{21D4300A-A302-497C-BF86-BAA45AA33CDF} = {6942D520-6422-45CA-9C49-10D1B9E96BC7}
		{E95F0763-C568-4469-844E-CBBF88501A94} = {956D5F09-FC14-4047-8B44-3484C1257D5A}
		{0E3CE8FC-CCB3-4030-A49C-AE5B6DA26845} = {956D5F09-FC14-4047-8B44-3484C1257D5A}
		{7C3D1C2C-D84E-4DEE-9037-03C5B1CDE9D5} = {956D5F09-FC14-4047-8B44-3484C1257D5A}
		{DF125C01-46A4-4FB8-B8F5-49D645DF8656} = {AF36C37E-9A1F-4AEF-B378-ECAF83EE2934}
		{AF25BB75-BB29-4994-8805-138D49C7891C} = {AF36C37E-9A1F-4AEF-B378-ECAF83EE2934}
		{4A3B7F67-7370-4FAC-8253-9DF56FD7B7AD} = {AF36C37E-9A1F-4AEF-B378-ECAF83EE2934}
		{D20FB492-E921-4AB5-A5A3-C5242DCB8AFA} = {7B93A918-D5EF-4448-BBA1-9C1FB987E34C}
		{083C7C85-4D08-49E3-B313-052CFE8FDBF1} = {7B93A918-D5EF-4448-BBA1-9C1FB987E34C}
		{5BAB1DCE-B8A4-4643-BA4F-0C873F9FF45E} = {7B93A918-D5EF-4448-BBA1-9C1FB987E34C}
		{450F23E8-769D-4AF2-96E5-07A1023823AD} = {1F4CE0B1-30B9-4F99-88B1-D9E2C67C88DC}
		{E849FD98-3CFC-475A-B832-336304479387} = {1F4CE0B1-30B9-4F99-88B1-D9E2C67C88DC}
		{A8D357D6-8107-46D3-A998-6A1282E82F92} = {1F4CE0B1-30B9-4F99-88B1-D9E2C67C88DC}
		{2ED33091-E93E-4D68-A92C-1FDFB9B7D9DB} = {C396B712-D66A-4CC7-837A-AA2BEDE37B9C}
		{35DBEBDB-B53F-49A7-92B2-C4E917A72898} = {C396B712-D66A-4CC7-837A-AA2BEDE37B9C}
		{E18FFEFA-8454-415F-BE00-1888BDA58BAE} = {C396B712-D66A-4CC7-837A-AA2BEDE37B9C}
	EndGlobalSection
	GlobalSection(ExtensibilityGlobals) = postSolution
		SolutionGuid = {961911B6-17BD-44C8-9092-28B7F84F806C}
	EndGlobalSection
EndGlobal
